
Microsoft Visual Studio Solution File, Format Version 12.00
# Visual Studio Version 17
VisualStudioVersion = 17.0.32112.339
MinimumVisualStudioVersion = 10.0.40219.1
Project("{9A19103F-16F7-4668-BE54-9A1E7A4F7556}") = "HaroohiePals.Mathematics", "src\HaroohiePals.Math\HaroohiePals.Mathematics.csproj", "{CBD714D2-F199-43AA-B5EB-DA7606B9B741}"
EndProject
Project("{9A19103F-16F7-4668-BE54-9A1E7A4F7556}") = "HaroohiePals.Core", "src\HaroohiePals.Core\HaroohiePals.Core.csproj", "{EF0A1881-E43F-438A-B0E1-C05EDFEA887E}"
EndProject
Project("{9A19103F-16F7-4668-BE54-9A1E7A4F7556}") = "HaroohiePals.IO", "src\HaroohiePals.IO\HaroohiePals.IO.csproj", "{8456CB34-52E1-4142-8FC4-5222A2E918D3}"
EndProject
Project("{9A19103F-16F7-4668-BE54-9A1E7A4F7556}") = "HaroohiePals.Nitro", "src\HaroohiePals.Nitro\HaroohiePals.Nitro.csproj", "{1A82A4E5-C684-4725-83E8-CC7D10D0243E}"
EndProject
Project("{9A19103F-16F7-4668-BE54-9A1E7A4F7556}") = "HaroohiePals.Graphics", "src\HaroohiePals.Graphics\HaroohiePals.Graphics.csproj", "{8621E2E5-C207-4111-A28C-23171D1AD78F}"
EndProject
Project("{9A19103F-16F7-4668-BE54-9A1E7A4F7556}") = "HaroohiePals.Graphics3d", "src\HaroohiePals.Graphics3d\HaroohiePals.Graphics3d.csproj", "{DDCF9468-3DF8-4452-B0C1-0D6E9590D2FD}"
EndProject
Project("{9A19103F-16F7-4668-BE54-9A1E7A4F7556}") = "HaroohiePals.Graphics3d.OpenGL", "src\HaroohiePals.Graphics3d.OpenGL\HaroohiePals.Graphics3d.OpenGL.csproj", "{6FE742D9-0C7C-46A9-98EA-3C123E34262D}"
EndProject
Project("{9A19103F-16F7-4668-BE54-9A1E7A4F7556}") = "HaroohiePals.Sound", "src\HaroohiePals.Sound\HaroohiePals.Sound.csproj", "{D972407D-719B-472D-964A-3A1829E2CD12}"
EndProject
Project("{2150E333-8FDC-42A3-9474-1A3956D46DE8}") = "Core", "Core", "{D9FEB33F-0E22-4557-9376-E4AF8C43751D}"
EndProject
Project("{2150E333-8FDC-42A3-9474-1A3956D46DE8}") = "Nitro", "Nitro", "{F3FB62D4-235F-4DD1-B3C0-E7FD49DE32BE}"
EndProject
Project("{2150E333-8FDC-42A3-9474-1A3956D46DE8}") = "Test", "Test", "{E92CF01E-DC10-4AEF-A785-DCF10E6D7955}"
EndProject
Project("{9A19103F-16F7-4668-BE54-9A1E7A4F7556}") = "HaroohiePals.IO.Test", "test\HaroohiePals.IO.Test\HaroohiePals.IO.Test.csproj", "{D1E52787-ED08-4B64-8201-D4C3BC9ECF72}"
EndProject
Project("{9A19103F-16F7-4668-BE54-9A1E7A4F7556}") = "HaroohiePals.MarioKartToolbox", "src\HaroohiePals.MarioKartToolbox\HaroohiePals.MarioKartToolbox.csproj", "{73F0FD14-172B-41C0-8AD2-FF6529FB5E86}"
EndProject
Project("{9A19103F-16F7-4668-BE54-9A1E7A4F7556}") = "HaroohiePals.Gui", "src\HaroohiePals.Gui\HaroohiePals.Gui.csproj", "{D8265010-B803-4E87-BFC7-29AD16E4BDA7}"
EndProject
Project("{2150E333-8FDC-42A3-9474-1A3956D46DE8}") = "Test", "Test", "{F222F739-78D1-4F3B-B34E-7260F04546D8}"
EndProject
Project("{9A19103F-16F7-4668-BE54-9A1E7A4F7556}") = "HaroohiePals.Nitro.Test", "test\HaroohiePals.Nitro.Test\HaroohiePals.Nitro.Test.csproj", "{1F93D246-45C4-4FD4-9018-3F1A9BCFBA1E}"
EndProject
Project("{2150E333-8FDC-42A3-9474-1A3956D46DE8}") = "MarioKart", "MarioKart", "{04C4810A-0C6D-4825-AB3C-F41E1BC70A08}"
EndProject
Project("{2150E333-8FDC-42A3-9474-1A3956D46DE8}") = "Test", "Test", "{4BFF73B6-12FF-4EA5-BC0D-8BB0BE6404BF}"
EndProject
Project("{9A19103F-16F7-4668-BE54-9A1E7A4F7556}") = "HaroohiePals.NitroKart", "src\HaroohiePals.NitroKart\HaroohiePals.NitroKart.csproj", "{34A9FEA1-492E-47F4-92A9-EC16D5181AFB}"
EndProject
Project("{9A19103F-16F7-4668-BE54-9A1E7A4F7556}") = "HaroohiePals.NitroKart.Test", "test\HaroohiePals.NitroKart.Test\HaroohiePals.NitroKart.Test.csproj", "{A62A75FB-E439-41DE-8C48-5455DB333FB3}"
EndProject
Project("{9A19103F-16F7-4668-BE54-9A1E7A4F7556}") = "HaroohiePals.Nitro.G3.OpenGL", "src\HaroohiePals.Nitro.G3.OpenGL\HaroohiePals.Nitro.G3.OpenGL.csproj", "{6D50CD30-CE64-4549-93A7-13E9C65F0A29}"
EndProject
Project("{9A19103F-16F7-4668-BE54-9A1E7A4F7556}") = "HaroohiePals.Nitro.NitroSystem", "src\HaroohiePals.Nitro.NitroSystem\HaroohiePals.Nitro.NitroSystem.csproj", "{1BF9A1C4-FF62-4D7A-909A-FCE5639E1CDB}"
EndProject
Project("{9A19103F-16F7-4668-BE54-9A1E7A4F7556}") = "HaroohiePals.Nitro.NitroSystem.Test", "test\HaroohiePals.Nitro.NitroSystem.Test\HaroohiePals.Nitro.NitroSystem.Test.csproj", "{418B2BCD-A55B-4E1A-BDED-9E56A4DD67DD}"
EndProject
Project("{9A19103F-16F7-4668-BE54-9A1E7A4F7556}") = "HaroohiePals.Nitro.NitroSystem.G3d.OpenGL", "src\HaroohiePals.Nitro.NitroSystem.G3d.OpenGL\HaroohiePals.Nitro.NitroSystem.G3d.OpenGL.csproj", "{2B552DCD-1234-4CBB-8257-E648F416AE1D}"
EndProject
Project("{9A19103F-16F7-4668-BE54-9A1E7A4F7556}") = "HaroohiePals.KCollision", "src\HaroohiePals.KCollision\HaroohiePals.KCollision.csproj", "{3C822C5B-2A0E-45FF-931B-91EEC1669AC6}"
EndProject
Project("{9A19103F-16F7-4668-BE54-9A1E7A4F7556}") = "HaroohiePals.KclViewer", "src\HaroohiePals.KclViewer\HaroohiePals.KclViewer.csproj", "{D376B409-AB00-495B-8689-A850645CBB29}"
EndProject
Project("{9A19103F-16F7-4668-BE54-9A1E7A4F7556}") = "HaroohiePals.Nitro.JNLib.Spl", "src\HaroohiePals.Nitro.JNLib.Spl\HaroohiePals.Nitro.JNLib.Spl.csproj", "{55643E2D-C1B3-4857-97C1-DE147154DDF4}"
EndProject
Project("{9A19103F-16F7-4668-BE54-9A1E7A4F7556}") = "HaroohiePals.Gui.Viewport", "src\HaroohiePals.Gui.Viewport\HaroohiePals.Gui.Viewport.csproj", "{50462512-6DA9-4F07-A4C3-6B3087E8BF4A}"
EndProject
Project("{2150E333-8FDC-42A3-9474-1A3956D46DE8}") = "KCollision", "KCollision", "{69690C2E-82B1-437D-A842-27AB7C739B4D}"
EndProject
Project("{9A19103F-16F7-4668-BE54-9A1E7A4F7556}") = "HaroohiePals.Gui.Test", "test\HaroohiePals.Gui.Test\HaroohiePals.Gui.Test.csproj", "{CB021381-F0C0-42DF-A9ED-6359C4F60B0E}"
EndProject
Project("{2150E333-8FDC-42A3-9474-1A3956D46DE8}") = "Application", "Application", "{9F09E1F9-1772-49B1-A66D-4E557C146A2E}"
EndProject
Project("{2150E333-8FDC-42A3-9474-1A3956D46DE8}") = "Test", "Test", "{FFDF481E-BBA4-4BAC-8D5A-2DD9520CB3E2}"
EndProject
Project("{9A19103F-16F7-4668-BE54-9A1E7A4F7556}") = "HaroohiePals.MarioKartToolbox.Test", "test\HaroohiePals.MarioKartToolbox.Test\HaroohiePals.MarioKartToolbox.Test.csproj", "{EBAD9936-3FF7-4526-99BE-D86A9CDD3E62}"
EndProject
Project("{9A19103F-16F7-4668-BE54-9A1E7A4F7556}") = "HaroohiePals.NitroKart.NUnitTest", "test\HaroohiePals.NitroKart.NUnitTests\HaroohiePals.NitroKart.NUnitTest.csproj", "{6846FB24-D1EB-4F4E-9998-78133428F8C7}"
EndProject
Project("{9A19103F-16F7-4668-BE54-9A1E7A4F7556}") = "HaroohiePals.Actions", "src\HaroohiePals.Actions\HaroohiePals.Actions.csproj", "{ECBE8A65-3F66-465D-A99D-A1D27A76FF3A}"
EndProject
Project("{9A19103F-16F7-4668-BE54-9A1E7A4F7556}") = "HaroohiePals.Actions.Test", "test\HaroohiePals.Actions.Test\HaroohiePals.Actions.Test.csproj", "{F0D74611-F2FB-4379-A80E-D10F2735ECEA}"
EndProject
Project("{9A19103F-16F7-4668-BE54-9A1E7A4F7556}") = "HaroohiePals.MarioKart", "src\HaroohiePals.MarioKart\HaroohiePals.MarioKart.csproj", "{BA8B45B4-8169-481B-BDB4-0C2CC5D8D209}"
EndProject
Project("{9A19103F-16F7-4668-BE54-9A1E7A4F7556}") = "HaroohiePals.MarioKart.Test", "test\HaroohiePals.MarioKart.Test\HaroohiePals.MarioKart.Test.csproj", "{2980AA5F-18CC-4013-B696-D99366186F04}"
EndProject
Project("{9A19103F-16F7-4668-BE54-9A1E7A4F7556}") = "HaroohiePals.Validation", "src\HaroohiePals.Validation\HaroohiePals.Validation.csproj", "{48801DB2-7816-43C1-B99B-821F93D51767}"
EndProject
Project("{9A19103F-16F7-4668-BE54-9A1E7A4F7556}") = "HaroohiePals.NitroKart.Actions", "src\HaroohiePals.NitroKart.Actions\HaroohiePals.NitroKart.Actions.csproj", "{11CFDAD6-1FD8-4593-9399-3DF179652F2A}"
EndProject
Project("{9A19103F-16F7-4668-BE54-9A1E7A4F7556}") = "HaroohiePals.NitroKart.Actions.Test", "test\HaroohiePals.NitroKart.Actions.Test\HaroohiePals.NitroKart.Actions.Test.csproj", "{B44CD403-D982-46EA-8F0B-F46CC0CD99D7}"
EndProject
Project("{9A19103F-16F7-4668-BE54-9A1E7A4F7556}") = "HaroohiePals.NitroKart.Extensions", "src\HaroohiePals.NitroKart.Extensions\HaroohiePals.NitroKart.Extensions.csproj", "{B81A34B4-9A5F-4308-87B0-CFA032CA43C4}"
EndProject
Project("{9A19103F-16F7-4668-BE54-9A1E7A4F7556}") = "HaroohiePals.NitroKart.Validation", "src\HaroohiePals.NitroKart.Validation\HaroohiePals.NitroKart.Validation.csproj", "{EEE783DE-1DF6-48E5-96A7-C5BA4567224B}"
EndProject
Project("{9A19103F-16F7-4668-BE54-9A1E7A4F7556}") = "HaroohiePals.MarioKart.Validation", "src\HaroohiePals.MarioKart.Validation\HaroohiePals.MarioKart.Validation.csproj", "{5F4EA7B8-ED9D-43E5-8BD4-ECE7A0905E3C}"
EndProject
Project("{9A19103F-16F7-4668-BE54-9A1E7A4F7556}") = "HaroohiePals.MarioKart.Actions", "src\HaroohiePals.MarioKart.Actions\HaroohiePals.MarioKart.Actions.csproj", "{45296F89-B57F-4462-961C-F846E44EFD9E}"
EndProject
Project("{FAE04EC0-301F-11D3-BF4B-00C04F79EFBC}") = "HaroohiePals.Graphics3d.OpenGL.Renderers", "src\HaroohiePals.Graphics3d.OpenGL.Renderers\HaroohiePals.Graphics3d.OpenGL.Renderers.csproj", "{E181CF7A-32DD-49D0-8CF7-C991AE384541}"
EndProject
Global
	GlobalSection(SolutionConfigurationPlatforms) = preSolution
		Debug|Any CPU = Debug|Any CPU
		Release|Any CPU = Release|Any CPU
	EndGlobalSection
	GlobalSection(ProjectConfigurationPlatforms) = postSolution
		{CBD714D2-F199-43AA-B5EB-DA7606B9B741}.Debug|Any CPU.ActiveCfg = Debug|Any CPU
		{CBD714D2-F199-43AA-B5EB-DA7606B9B741}.Debug|Any CPU.Build.0 = Debug|Any CPU
		{CBD714D2-F199-43AA-B5EB-DA7606B9B741}.Release|Any CPU.ActiveCfg = Release|Any CPU
		{CBD714D2-F199-43AA-B5EB-DA7606B9B741}.Release|Any CPU.Build.0 = Release|Any CPU
		{EF0A1881-E43F-438A-B0E1-C05EDFEA887E}.Debug|Any CPU.ActiveCfg = Debug|Any CPU
		{EF0A1881-E43F-438A-B0E1-C05EDFEA887E}.Debug|Any CPU.Build.0 = Debug|Any CPU
		{EF0A1881-E43F-438A-B0E1-C05EDFEA887E}.Release|Any CPU.ActiveCfg = Release|Any CPU
		{EF0A1881-E43F-438A-B0E1-C05EDFEA887E}.Release|Any CPU.Build.0 = Release|Any CPU
		{8456CB34-52E1-4142-8FC4-5222A2E918D3}.Debug|Any CPU.ActiveCfg = Debug|Any CPU
		{8456CB34-52E1-4142-8FC4-5222A2E918D3}.Debug|Any CPU.Build.0 = Debug|Any CPU
		{8456CB34-52E1-4142-8FC4-5222A2E918D3}.Release|Any CPU.ActiveCfg = Release|Any CPU
		{8456CB34-52E1-4142-8FC4-5222A2E918D3}.Release|Any CPU.Build.0 = Release|Any CPU
		{1A82A4E5-C684-4725-83E8-CC7D10D0243E}.Debug|Any CPU.ActiveCfg = Debug|Any CPU
		{1A82A4E5-C684-4725-83E8-CC7D10D0243E}.Debug|Any CPU.Build.0 = Debug|Any CPU
		{1A82A4E5-C684-4725-83E8-CC7D10D0243E}.Release|Any CPU.ActiveCfg = Release|Any CPU
		{1A82A4E5-C684-4725-83E8-CC7D10D0243E}.Release|Any CPU.Build.0 = Release|Any CPU
		{8621E2E5-C207-4111-A28C-23171D1AD78F}.Debug|Any CPU.ActiveCfg = Debug|Any CPU
		{8621E2E5-C207-4111-A28C-23171D1AD78F}.Debug|Any CPU.Build.0 = Debug|Any CPU
		{8621E2E5-C207-4111-A28C-23171D1AD78F}.Release|Any CPU.ActiveCfg = Release|Any CPU
		{8621E2E5-C207-4111-A28C-23171D1AD78F}.Release|Any CPU.Build.0 = Release|Any CPU
		{DDCF9468-3DF8-4452-B0C1-0D6E9590D2FD}.Debug|Any CPU.ActiveCfg = Debug|Any CPU
		{DDCF9468-3DF8-4452-B0C1-0D6E9590D2FD}.Debug|Any CPU.Build.0 = Debug|Any CPU
		{DDCF9468-3DF8-4452-B0C1-0D6E9590D2FD}.Release|Any CPU.ActiveCfg = Release|Any CPU
		{DDCF9468-3DF8-4452-B0C1-0D6E9590D2FD}.Release|Any CPU.Build.0 = Release|Any CPU
		{6FE742D9-0C7C-46A9-98EA-3C123E34262D}.Debug|Any CPU.ActiveCfg = Debug|Any CPU
		{6FE742D9-0C7C-46A9-98EA-3C123E34262D}.Debug|Any CPU.Build.0 = Debug|Any CPU
		{6FE742D9-0C7C-46A9-98EA-3C123E34262D}.Release|Any CPU.ActiveCfg = Release|Any CPU
		{6FE742D9-0C7C-46A9-98EA-3C123E34262D}.Release|Any CPU.Build.0 = Release|Any CPU
		{D972407D-719B-472D-964A-3A1829E2CD12}.Debug|Any CPU.ActiveCfg = Debug|Any CPU
		{D972407D-719B-472D-964A-3A1829E2CD12}.Debug|Any CPU.Build.0 = Debug|Any CPU
		{D972407D-719B-472D-964A-3A1829E2CD12}.Release|Any CPU.ActiveCfg = Release|Any CPU
		{D972407D-719B-472D-964A-3A1829E2CD12}.Release|Any CPU.Build.0 = Release|Any CPU
		{D1E52787-ED08-4B64-8201-D4C3BC9ECF72}.Debug|Any CPU.ActiveCfg = Debug|Any CPU
		{D1E52787-ED08-4B64-8201-D4C3BC9ECF72}.Debug|Any CPU.Build.0 = Debug|Any CPU
		{D1E52787-ED08-4B64-8201-D4C3BC9ECF72}.Release|Any CPU.ActiveCfg = Release|Any CPU
		{D1E52787-ED08-4B64-8201-D4C3BC9ECF72}.Release|Any CPU.Build.0 = Release|Any CPU
		{73F0FD14-172B-41C0-8AD2-FF6529FB5E86}.Debug|Any CPU.ActiveCfg = Debug|Any CPU
		{73F0FD14-172B-41C0-8AD2-FF6529FB5E86}.Debug|Any CPU.Build.0 = Debug|Any CPU
		{73F0FD14-172B-41C0-8AD2-FF6529FB5E86}.Release|Any CPU.ActiveCfg = Release|Any CPU
		{73F0FD14-172B-41C0-8AD2-FF6529FB5E86}.Release|Any CPU.Build.0 = Release|Any CPU
		{D8265010-B803-4E87-BFC7-29AD16E4BDA7}.Debug|Any CPU.ActiveCfg = Debug|Any CPU
		{D8265010-B803-4E87-BFC7-29AD16E4BDA7}.Debug|Any CPU.Build.0 = Debug|Any CPU
		{D8265010-B803-4E87-BFC7-29AD16E4BDA7}.Release|Any CPU.ActiveCfg = Release|Any CPU
		{D8265010-B803-4E87-BFC7-29AD16E4BDA7}.Release|Any CPU.Build.0 = Release|Any CPU
		{1F93D246-45C4-4FD4-9018-3F1A9BCFBA1E}.Debug|Any CPU.ActiveCfg = Debug|Any CPU
		{1F93D246-45C4-4FD4-9018-3F1A9BCFBA1E}.Debug|Any CPU.Build.0 = Debug|Any CPU
		{1F93D246-45C4-4FD4-9018-3F1A9BCFBA1E}.Release|Any CPU.ActiveCfg = Release|Any CPU
		{1F93D246-45C4-4FD4-9018-3F1A9BCFBA1E}.Release|Any CPU.Build.0 = Release|Any CPU
		{34A9FEA1-492E-47F4-92A9-EC16D5181AFB}.Debug|Any CPU.ActiveCfg = Debug|Any CPU
		{34A9FEA1-492E-47F4-92A9-EC16D5181AFB}.Debug|Any CPU.Build.0 = Debug|Any CPU
		{34A9FEA1-492E-47F4-92A9-EC16D5181AFB}.Release|Any CPU.ActiveCfg = Release|Any CPU
		{34A9FEA1-492E-47F4-92A9-EC16D5181AFB}.Release|Any CPU.Build.0 = Release|Any CPU
		{A62A75FB-E439-41DE-8C48-5455DB333FB3}.Debug|Any CPU.ActiveCfg = Debug|Any CPU
		{A62A75FB-E439-41DE-8C48-5455DB333FB3}.Debug|Any CPU.Build.0 = Debug|Any CPU
		{A62A75FB-E439-41DE-8C48-5455DB333FB3}.Release|Any CPU.ActiveCfg = Release|Any CPU
		{A62A75FB-E439-41DE-8C48-5455DB333FB3}.Release|Any CPU.Build.0 = Release|Any CPU
		{6D50CD30-CE64-4549-93A7-13E9C65F0A29}.Debug|Any CPU.ActiveCfg = Debug|Any CPU
		{6D50CD30-CE64-4549-93A7-13E9C65F0A29}.Debug|Any CPU.Build.0 = Debug|Any CPU
		{6D50CD30-CE64-4549-93A7-13E9C65F0A29}.Release|Any CPU.ActiveCfg = Release|Any CPU
		{6D50CD30-CE64-4549-93A7-13E9C65F0A29}.Release|Any CPU.Build.0 = Release|Any CPU
		{1BF9A1C4-FF62-4D7A-909A-FCE5639E1CDB}.Debug|Any CPU.ActiveCfg = Debug|Any CPU
		{1BF9A1C4-FF62-4D7A-909A-FCE5639E1CDB}.Debug|Any CPU.Build.0 = Debug|Any CPU
		{1BF9A1C4-FF62-4D7A-909A-FCE5639E1CDB}.Release|Any CPU.ActiveCfg = Release|Any CPU
		{1BF9A1C4-FF62-4D7A-909A-FCE5639E1CDB}.Release|Any CPU.Build.0 = Release|Any CPU
		{418B2BCD-A55B-4E1A-BDED-9E56A4DD67DD}.Debug|Any CPU.ActiveCfg = Debug|Any CPU
		{418B2BCD-A55B-4E1A-BDED-9E56A4DD67DD}.Debug|Any CPU.Build.0 = Debug|Any CPU
		{418B2BCD-A55B-4E1A-BDED-9E56A4DD67DD}.Release|Any CPU.ActiveCfg = Release|Any CPU
		{418B2BCD-A55B-4E1A-BDED-9E56A4DD67DD}.Release|Any CPU.Build.0 = Release|Any CPU
		{2B552DCD-1234-4CBB-8257-E648F416AE1D}.Debug|Any CPU.ActiveCfg = Debug|Any CPU
		{2B552DCD-1234-4CBB-8257-E648F416AE1D}.Debug|Any CPU.Build.0 = Debug|Any CPU
		{2B552DCD-1234-4CBB-8257-E648F416AE1D}.Release|Any CPU.ActiveCfg = Release|Any CPU
		{2B552DCD-1234-4CBB-8257-E648F416AE1D}.Release|Any CPU.Build.0 = Release|Any CPU
		{3C822C5B-2A0E-45FF-931B-91EEC1669AC6}.Debug|Any CPU.ActiveCfg = Debug|Any CPU
		{3C822C5B-2A0E-45FF-931B-91EEC1669AC6}.Debug|Any CPU.Build.0 = Debug|Any CPU
		{3C822C5B-2A0E-45FF-931B-91EEC1669AC6}.Release|Any CPU.ActiveCfg = Release|Any CPU
		{3C822C5B-2A0E-45FF-931B-91EEC1669AC6}.Release|Any CPU.Build.0 = Release|Any CPU
		{D376B409-AB00-495B-8689-A850645CBB29}.Debug|Any CPU.ActiveCfg = Debug|Any CPU
		{D376B409-AB00-495B-8689-A850645CBB29}.Debug|Any CPU.Build.0 = Debug|Any CPU
		{D376B409-AB00-495B-8689-A850645CBB29}.Release|Any CPU.ActiveCfg = Release|Any CPU
		{D376B409-AB00-495B-8689-A850645CBB29}.Release|Any CPU.Build.0 = Release|Any CPU
		{55643E2D-C1B3-4857-97C1-DE147154DDF4}.Debug|Any CPU.ActiveCfg = Debug|Any CPU
		{55643E2D-C1B3-4857-97C1-DE147154DDF4}.Debug|Any CPU.Build.0 = Debug|Any CPU
		{55643E2D-C1B3-4857-97C1-DE147154DDF4}.Release|Any CPU.ActiveCfg = Release|Any CPU
		{55643E2D-C1B3-4857-97C1-DE147154DDF4}.Release|Any CPU.Build.0 = Release|Any CPU
		{50462512-6DA9-4F07-A4C3-6B3087E8BF4A}.Debug|Any CPU.ActiveCfg = Debug|Any CPU
		{50462512-6DA9-4F07-A4C3-6B3087E8BF4A}.Debug|Any CPU.Build.0 = Debug|Any CPU
		{50462512-6DA9-4F07-A4C3-6B3087E8BF4A}.Release|Any CPU.ActiveCfg = Release|Any CPU
		{50462512-6DA9-4F07-A4C3-6B3087E8BF4A}.Release|Any CPU.Build.0 = Release|Any CPU
		{CB021381-F0C0-42DF-A9ED-6359C4F60B0E}.Debug|Any CPU.ActiveCfg = Debug|Any CPU
		{CB021381-F0C0-42DF-A9ED-6359C4F60B0E}.Debug|Any CPU.Build.0 = Debug|Any CPU
		{CB021381-F0C0-42DF-A9ED-6359C4F60B0E}.Release|Any CPU.ActiveCfg = Release|Any CPU
		{CB021381-F0C0-42DF-A9ED-6359C4F60B0E}.Release|Any CPU.Build.0 = Release|Any CPU
		{EBAD9936-3FF7-4526-99BE-D86A9CDD3E62}.Debug|Any CPU.ActiveCfg = Debug|Any CPU
		{EBAD9936-3FF7-4526-99BE-D86A9CDD3E62}.Debug|Any CPU.Build.0 = Debug|Any CPU
		{EBAD9936-3FF7-4526-99BE-D86A9CDD3E62}.Release|Any CPU.ActiveCfg = Release|Any CPU
		{EBAD9936-3FF7-4526-99BE-D86A9CDD3E62}.Release|Any CPU.Build.0 = Release|Any CPU
		{6846FB24-D1EB-4F4E-9998-78133428F8C7}.Debug|Any CPU.ActiveCfg = Debug|Any CPU
		{6846FB24-D1EB-4F4E-9998-78133428F8C7}.Debug|Any CPU.Build.0 = Debug|Any CPU
		{6846FB24-D1EB-4F4E-9998-78133428F8C7}.Release|Any CPU.ActiveCfg = Release|Any CPU
		{6846FB24-D1EB-4F4E-9998-78133428F8C7}.Release|Any CPU.Build.0 = Release|Any CPU
		{ECBE8A65-3F66-465D-A99D-A1D27A76FF3A}.Debug|Any CPU.ActiveCfg = Debug|Any CPU
		{ECBE8A65-3F66-465D-A99D-A1D27A76FF3A}.Debug|Any CPU.Build.0 = Debug|Any CPU
		{ECBE8A65-3F66-465D-A99D-A1D27A76FF3A}.Release|Any CPU.ActiveCfg = Release|Any CPU
		{ECBE8A65-3F66-465D-A99D-A1D27A76FF3A}.Release|Any CPU.Build.0 = Release|Any CPU
		{F0D74611-F2FB-4379-A80E-D10F2735ECEA}.Debug|Any CPU.ActiveCfg = Debug|Any CPU
		{F0D74611-F2FB-4379-A80E-D10F2735ECEA}.Debug|Any CPU.Build.0 = Debug|Any CPU
		{F0D74611-F2FB-4379-A80E-D10F2735ECEA}.Release|Any CPU.ActiveCfg = Release|Any CPU
		{F0D74611-F2FB-4379-A80E-D10F2735ECEA}.Release|Any CPU.Build.0 = Release|Any CPU
		{BA8B45B4-8169-481B-BDB4-0C2CC5D8D209}.Debug|Any CPU.ActiveCfg = Debug|Any CPU
		{BA8B45B4-8169-481B-BDB4-0C2CC5D8D209}.Debug|Any CPU.Build.0 = Debug|Any CPU
		{BA8B45B4-8169-481B-BDB4-0C2CC5D8D209}.Release|Any CPU.ActiveCfg = Release|Any CPU
		{BA8B45B4-8169-481B-BDB4-0C2CC5D8D209}.Release|Any CPU.Build.0 = Release|Any CPU
		{2980AA5F-18CC-4013-B696-D99366186F04}.Debug|Any CPU.ActiveCfg = Debug|Any CPU
		{2980AA5F-18CC-4013-B696-D99366186F04}.Debug|Any CPU.Build.0 = Debug|Any CPU
		{2980AA5F-18CC-4013-B696-D99366186F04}.Release|Any CPU.ActiveCfg = Release|Any CPU
		{2980AA5F-18CC-4013-B696-D99366186F04}.Release|Any CPU.Build.0 = Release|Any CPU
		{48801DB2-7816-43C1-B99B-821F93D51767}.Debug|Any CPU.ActiveCfg = Debug|Any CPU
		{48801DB2-7816-43C1-B99B-821F93D51767}.Debug|Any CPU.Build.0 = Debug|Any CPU
		{48801DB2-7816-43C1-B99B-821F93D51767}.Release|Any CPU.ActiveCfg = Release|Any CPU
		{48801DB2-7816-43C1-B99B-821F93D51767}.Release|Any CPU.Build.0 = Release|Any CPU
		{11CFDAD6-1FD8-4593-9399-3DF179652F2A}.Debug|Any CPU.ActiveCfg = Debug|Any CPU
		{11CFDAD6-1FD8-4593-9399-3DF179652F2A}.Debug|Any CPU.Build.0 = Debug|Any CPU
		{11CFDAD6-1FD8-4593-9399-3DF179652F2A}.Release|Any CPU.ActiveCfg = Release|Any CPU
		{11CFDAD6-1FD8-4593-9399-3DF179652F2A}.Release|Any CPU.Build.0 = Release|Any CPU
		{B44CD403-D982-46EA-8F0B-F46CC0CD99D7}.Debug|Any CPU.ActiveCfg = Debug|Any CPU
		{B44CD403-D982-46EA-8F0B-F46CC0CD99D7}.Debug|Any CPU.Build.0 = Debug|Any CPU
		{B44CD403-D982-46EA-8F0B-F46CC0CD99D7}.Release|Any CPU.ActiveCfg = Release|Any CPU
		{B44CD403-D982-46EA-8F0B-F46CC0CD99D7}.Release|Any CPU.Build.0 = Release|Any CPU
		{B81A34B4-9A5F-4308-87B0-CFA032CA43C4}.Debug|Any CPU.ActiveCfg = Debug|Any CPU
		{B81A34B4-9A5F-4308-87B0-CFA032CA43C4}.Debug|Any CPU.Build.0 = Debug|Any CPU
		{B81A34B4-9A5F-4308-87B0-CFA032CA43C4}.Release|Any CPU.ActiveCfg = Release|Any CPU
		{B81A34B4-9A5F-4308-87B0-CFA032CA43C4}.Release|Any CPU.Build.0 = Release|Any CPU
		{EEE783DE-1DF6-48E5-96A7-C5BA4567224B}.Debug|Any CPU.ActiveCfg = Debug|Any CPU
		{EEE783DE-1DF6-48E5-96A7-C5BA4567224B}.Debug|Any CPU.Build.0 = Debug|Any CPU
		{EEE783DE-1DF6-48E5-96A7-C5BA4567224B}.Release|Any CPU.ActiveCfg = Release|Any CPU
		{EEE783DE-1DF6-48E5-96A7-C5BA4567224B}.Release|Any CPU.Build.0 = Release|Any CPU
		{5F4EA7B8-ED9D-43E5-8BD4-ECE7A0905E3C}.Debug|Any CPU.ActiveCfg = Debug|Any CPU
		{5F4EA7B8-ED9D-43E5-8BD4-ECE7A0905E3C}.Debug|Any CPU.Build.0 = Debug|Any CPU
		{5F4EA7B8-ED9D-43E5-8BD4-ECE7A0905E3C}.Release|Any CPU.ActiveCfg = Release|Any CPU
		{5F4EA7B8-ED9D-43E5-8BD4-ECE7A0905E3C}.Release|Any CPU.Build.0 = Release|Any CPU
		{45296F89-B57F-4462-961C-F846E44EFD9E}.Debug|Any CPU.ActiveCfg = Debug|Any CPU
		{45296F89-B57F-4462-961C-F846E44EFD9E}.Debug|Any CPU.Build.0 = Debug|Any CPU
		{45296F89-B57F-4462-961C-F846E44EFD9E}.Release|Any CPU.ActiveCfg = Release|Any CPU
		{45296F89-B57F-4462-961C-F846E44EFD9E}.Release|Any CPU.Build.0 = Release|Any CPU
		{E181CF7A-32DD-49D0-8CF7-C991AE384541}.Debug|Any CPU.ActiveCfg = Debug|Any CPU
		{E181CF7A-32DD-49D0-8CF7-C991AE384541}.Debug|Any CPU.Build.0 = Debug|Any CPU
		{E181CF7A-32DD-49D0-8CF7-C991AE384541}.Release|Any CPU.ActiveCfg = Release|Any CPU
		{E181CF7A-32DD-49D0-8CF7-C991AE384541}.Release|Any CPU.Build.0 = Release|Any CPU
	EndGlobalSection
	GlobalSection(SolutionProperties) = preSolution
		HideSolutionNode = FALSE
	EndGlobalSection
	GlobalSection(NestedProjects) = preSolution
		{CBD714D2-F199-43AA-B5EB-DA7606B9B741} = {D9FEB33F-0E22-4557-9376-E4AF8C43751D}
		{EF0A1881-E43F-438A-B0E1-C05EDFEA887E} = {D9FEB33F-0E22-4557-9376-E4AF8C43751D}
		{8456CB34-52E1-4142-8FC4-5222A2E918D3} = {D9FEB33F-0E22-4557-9376-E4AF8C43751D}
		{1A82A4E5-C684-4725-83E8-CC7D10D0243E} = {F3FB62D4-235F-4DD1-B3C0-E7FD49DE32BE}
		{8621E2E5-C207-4111-A28C-23171D1AD78F} = {D9FEB33F-0E22-4557-9376-E4AF8C43751D}
		{DDCF9468-3DF8-4452-B0C1-0D6E9590D2FD} = {D9FEB33F-0E22-4557-9376-E4AF8C43751D}
		{6FE742D9-0C7C-46A9-98EA-3C123E34262D} = {D9FEB33F-0E22-4557-9376-E4AF8C43751D}
		{D972407D-719B-472D-964A-3A1829E2CD12} = {D9FEB33F-0E22-4557-9376-E4AF8C43751D}
		{E92CF01E-DC10-4AEF-A785-DCF10E6D7955} = {D9FEB33F-0E22-4557-9376-E4AF8C43751D}
		{D1E52787-ED08-4B64-8201-D4C3BC9ECF72} = {E92CF01E-DC10-4AEF-A785-DCF10E6D7955}
		{73F0FD14-172B-41C0-8AD2-FF6529FB5E86} = {9F09E1F9-1772-49B1-A66D-4E557C146A2E}
		{D8265010-B803-4E87-BFC7-29AD16E4BDA7} = {D9FEB33F-0E22-4557-9376-E4AF8C43751D}
		{F222F739-78D1-4F3B-B34E-7260F04546D8} = {F3FB62D4-235F-4DD1-B3C0-E7FD49DE32BE}
		{1F93D246-45C4-4FD4-9018-3F1A9BCFBA1E} = {F222F739-78D1-4F3B-B34E-7260F04546D8}
		{4BFF73B6-12FF-4EA5-BC0D-8BB0BE6404BF} = {04C4810A-0C6D-4825-AB3C-F41E1BC70A08}
		{34A9FEA1-492E-47F4-92A9-EC16D5181AFB} = {04C4810A-0C6D-4825-AB3C-F41E1BC70A08}
		{A62A75FB-E439-41DE-8C48-5455DB333FB3} = {4BFF73B6-12FF-4EA5-BC0D-8BB0BE6404BF}
		{6D50CD30-CE64-4549-93A7-13E9C65F0A29} = {F3FB62D4-235F-4DD1-B3C0-E7FD49DE32BE}
		{1BF9A1C4-FF62-4D7A-909A-FCE5639E1CDB} = {F3FB62D4-235F-4DD1-B3C0-E7FD49DE32BE}
		{418B2BCD-A55B-4E1A-BDED-9E56A4DD67DD} = {F222F739-78D1-4F3B-B34E-7260F04546D8}
		{2B552DCD-1234-4CBB-8257-E648F416AE1D} = {F3FB62D4-235F-4DD1-B3C0-E7FD49DE32BE}
		{3C822C5B-2A0E-45FF-931B-91EEC1669AC6} = {69690C2E-82B1-437D-A842-27AB7C739B4D}
		{D376B409-AB00-495B-8689-A850645CBB29} = {9F09E1F9-1772-49B1-A66D-4E557C146A2E}
		{55643E2D-C1B3-4857-97C1-DE147154DDF4} = {F3FB62D4-235F-4DD1-B3C0-E7FD49DE32BE}
		{50462512-6DA9-4F07-A4C3-6B3087E8BF4A} = {D9FEB33F-0E22-4557-9376-E4AF8C43751D}
		{CB021381-F0C0-42DF-A9ED-6359C4F60B0E} = {E92CF01E-DC10-4AEF-A785-DCF10E6D7955}
		{FFDF481E-BBA4-4BAC-8D5A-2DD9520CB3E2} = {9F09E1F9-1772-49B1-A66D-4E557C146A2E}
		{EBAD9936-3FF7-4526-99BE-D86A9CDD3E62} = {FFDF481E-BBA4-4BAC-8D5A-2DD9520CB3E2}
		{6846FB24-D1EB-4F4E-9998-78133428F8C7} = {4BFF73B6-12FF-4EA5-BC0D-8BB0BE6404BF}
		{ECBE8A65-3F66-465D-A99D-A1D27A76FF3A} = {D9FEB33F-0E22-4557-9376-E4AF8C43751D}
		{F0D74611-F2FB-4379-A80E-D10F2735ECEA} = {E92CF01E-DC10-4AEF-A785-DCF10E6D7955}
		{BA8B45B4-8169-481B-BDB4-0C2CC5D8D209} = {04C4810A-0C6D-4825-AB3C-F41E1BC70A08}
		{2980AA5F-18CC-4013-B696-D99366186F04} = {4BFF73B6-12FF-4EA5-BC0D-8BB0BE6404BF}
		{48801DB2-7816-43C1-B99B-821F93D51767} = {D9FEB33F-0E22-4557-9376-E4AF8C43751D}
		{11CFDAD6-1FD8-4593-9399-3DF179652F2A} = {04C4810A-0C6D-4825-AB3C-F41E1BC70A08}
		{B44CD403-D982-46EA-8F0B-F46CC0CD99D7} = {4BFF73B6-12FF-4EA5-BC0D-8BB0BE6404BF}
		{B81A34B4-9A5F-4308-87B0-CFA032CA43C4} = {04C4810A-0C6D-4825-AB3C-F41E1BC70A08}
		{EEE783DE-1DF6-48E5-96A7-C5BA4567224B} = {04C4810A-0C6D-4825-AB3C-F41E1BC70A08}
		{5F4EA7B8-ED9D-43E5-8BD4-ECE7A0905E3C} = {04C4810A-0C6D-4825-AB3C-F41E1BC70A08}
		{45296F89-B57F-4462-961C-F846E44EFD9E} = {04C4810A-0C6D-4825-AB3C-F41E1BC70A08}
		{E181CF7A-32DD-49D0-8CF7-C991AE384541} = {D9FEB33F-0E22-4557-9376-E4AF8C43751D}
	EndGlobalSection
	GlobalSection(ExtensibilityGlobals) = postSolution
		SolutionGuid = {5588E09D-06E0-4267-9F8D-9B2CF11117A8}
	EndGlobalSection
EndGlobal
